
Microsoft Visual Studio Solution File, Format Version 12.00
# Visual Studio Version 16
VisualStudioVersion = 16.0.30114.105
MinimumVisualStudioVersion = 10.0.40219.1
Project("{8BC9CEB8-8B4A-11D0-8D11-00A0C91BC942}") = "day1", "day1\day1.vcxproj", "{3AB71B93-A60E-4A46-976C-92CC4D887886}"
EndProject
Project("{8BC9CEB8-8B4A-11D0-8D11-00A0C91BC942}") = "day2", "day2\day2.vcxproj", "{079539ED-D17F-4DF2-9BAA-395F4FD86168}"
EndProject
Project("{8BC9CEB8-8B4A-11D0-8D11-00A0C91BC942}") = "common", "common\common.vcxproj", "{A55360E6-6A02-42FA-A297-3C195E3DC026}"
EndProject
Project("{8BC9CEB8-8B4A-11D0-8D11-00A0C91BC942}") = "day3", "day3\day3.vcxproj", "{01DD0990-8144-4E64-98AF-827863D6C24E}"
EndProject
Project("{8BC9CEB8-8B4A-11D0-8D11-00A0C91BC942}") = "day4", "day4\day4.vcxproj", "{7E9C21FE-3DB5-49C1-BDE3-D69BB92B1283}"
EndProject
Project("{8BC9CEB8-8B4A-11D0-8D11-00A0C91BC942}") = "day5", "day5\day5.vcxproj", "{D5BC8333-D83A-42C1-96C0-722250DDAC9B}"
EndProject
Project("{8BC9CEB8-8B4A-11D0-8D11-00A0C91BC942}") = "day6", "day6\day6.vcxproj", "{79E05AD8-B84A-4D28-8BBF-634B117EF96A}"
EndProject
Project("{8BC9CEB8-8B4A-11D0-8D11-00A0C91BC942}") = "day7", "day7\day7.vcxproj", "{F67E73D4-52E7-4B58-9BEB-B42D30B36F0D}"
EndProject
Project("{8BC9CEB8-8B4A-11D0-8D11-00A0C91BC942}") = "day8", "day8\day8.vcxproj", "{CC6AB809-A71F-4271-8DB0-B7EF54A83F4E}"
EndProject
Project("{8BC9CEB8-8B4A-11D0-8D11-00A0C91BC942}") = "day9", "day9\day9.vcxproj", "{1B246356-D42D-4AA0-A887-2BCC089493BF}"
EndProject
Project("{8BC9CEB8-8B4A-11D0-8D11-00A0C91BC942}") = "day10", "day10\day10.vcxproj", "{76D445AA-2811-4E8B-AF50-C3374D47C670}"
EndProject
Project("{8BC9CEB8-8B4A-11D0-8D11-00A0C91BC942}") = "day11", "day11\day11.vcxproj", "{8DB0FAD3-0355-455F-BDED-BE60AF271020}"
EndProject
Project("{8BC9CEB8-8B4A-11D0-8D11-00A0C91BC942}") = "day12", "day12\day12.vcxproj", "{91360181-C379-41B4-A9D1-FEFBE1BB6E48}"
EndProject
Global
	GlobalSection(SolutionConfigurationPlatforms) = preSolution
		Debug|x64 = Debug|x64
		Debug|x86 = Debug|x86
		Release|x64 = Release|x64
		Release|x86 = Release|x86
	EndGlobalSection
	GlobalSection(ProjectConfigurationPlatforms) = postSolution
		{3AB71B93-A60E-4A46-976C-92CC4D887886}.Debug|x64.ActiveCfg = Debug|x64
		{3AB71B93-A60E-4A46-976C-92CC4D887886}.Debug|x64.Build.0 = Debug|x64
		{3AB71B93-A60E-4A46-976C-92CC4D887886}.Debug|x86.ActiveCfg = Debug|Win32
		{3AB71B93-A60E-4A46-976C-92CC4D887886}.Debug|x86.Build.0 = Debug|Win32
		{3AB71B93-A60E-4A46-976C-92CC4D887886}.Release|x64.ActiveCfg = Release|x64
		{3AB71B93-A60E-4A46-976C-92CC4D887886}.Release|x64.Build.0 = Release|x64
		{3AB71B93-A60E-4A46-976C-92CC4D887886}.Release|x86.ActiveCfg = Release|x64
		{3AB71B93-A60E-4A46-976C-92CC4D887886}.Release|x86.Build.0 = Release|x64
		{079539ED-D17F-4DF2-9BAA-395F4FD86168}.Debug|x64.ActiveCfg = Debug|x64
		{079539ED-D17F-4DF2-9BAA-395F4FD86168}.Debug|x64.Build.0 = Debug|x64
		{079539ED-D17F-4DF2-9BAA-395F4FD86168}.Debug|x86.ActiveCfg = Debug|Win32
		{079539ED-D17F-4DF2-9BAA-395F4FD86168}.Debug|x86.Build.0 = Debug|Win32
		{079539ED-D17F-4DF2-9BAA-395F4FD86168}.Release|x64.ActiveCfg = Release|x64
		{079539ED-D17F-4DF2-9BAA-395F4FD86168}.Release|x64.Build.0 = Release|x64
		{079539ED-D17F-4DF2-9BAA-395F4FD86168}.Release|x86.ActiveCfg = Release|x64
		{079539ED-D17F-4DF2-9BAA-395F4FD86168}.Release|x86.Build.0 = Release|x64
		{A55360E6-6A02-42FA-A297-3C195E3DC026}.Debug|x64.ActiveCfg = Debug|x64
		{A55360E6-6A02-42FA-A297-3C195E3DC026}.Debug|x64.Build.0 = Debug|x64
		{A55360E6-6A02-42FA-A297-3C195E3DC026}.Debug|x86.ActiveCfg = Debug|Win32
		{A55360E6-6A02-42FA-A297-3C195E3DC026}.Debug|x86.Build.0 = Debug|Win32
		{A55360E6-6A02-42FA-A297-3C195E3DC026}.Release|x64.ActiveCfg = Release|x64
		{A55360E6-6A02-42FA-A297-3C195E3DC026}.Release|x64.Build.0 = Release|x64
		{A55360E6-6A02-42FA-A297-3C195E3DC026}.Release|x86.ActiveCfg = Release|Win32
		{A55360E6-6A02-42FA-A297-3C195E3DC026}.Release|x86.Build.0 = Release|Win32
		{01DD0990-8144-4E64-98AF-827863D6C24E}.Debug|x64.ActiveCfg = Debug|x64
		{01DD0990-8144-4E64-98AF-827863D6C24E}.Debug|x64.Build.0 = Debug|x64
		{01DD0990-8144-4E64-98AF-827863D6C24E}.Debug|x86.ActiveCfg = Debug|Win32
		{01DD0990-8144-4E64-98AF-827863D6C24E}.Debug|x86.Build.0 = Debug|Win32
		{01DD0990-8144-4E64-98AF-827863D6C24E}.Release|x64.ActiveCfg = Release|x64
		{01DD0990-8144-4E64-98AF-827863D6C24E}.Release|x64.Build.0 = Release|x64
		{01DD0990-8144-4E64-98AF-827863D6C24E}.Release|x86.ActiveCfg = Release|Win32
		{01DD0990-8144-4E64-98AF-827863D6C24E}.Release|x86.Build.0 = Release|Win32
		{7E9C21FE-3DB5-49C1-BDE3-D69BB92B1283}.Debug|x64.ActiveCfg = Debug|x64
		{7E9C21FE-3DB5-49C1-BDE3-D69BB92B1283}.Debug|x64.Build.0 = Debug|x64
		{7E9C21FE-3DB5-49C1-BDE3-D69BB92B1283}.Debug|x86.ActiveCfg = Debug|Win32
		{7E9C21FE-3DB5-49C1-BDE3-D69BB92B1283}.Debug|x86.Build.0 = Debug|Win32
		{7E9C21FE-3DB5-49C1-BDE3-D69BB92B1283}.Release|x64.ActiveCfg = Release|x64
		{7E9C21FE-3DB5-49C1-BDE3-D69BB92B1283}.Release|x64.Build.0 = Release|x64
		{7E9C21FE-3DB5-49C1-BDE3-D69BB92B1283}.Release|x86.ActiveCfg = Release|Win32
		{7E9C21FE-3DB5-49C1-BDE3-D69BB92B1283}.Release|x86.Build.0 = Release|Win32
		{D5BC8333-D83A-42C1-96C0-722250DDAC9B}.Debug|x64.ActiveCfg = Debug|x64
		{D5BC8333-D83A-42C1-96C0-722250DDAC9B}.Debug|x64.Build.0 = Debug|x64
		{D5BC8333-D83A-42C1-96C0-722250DDAC9B}.Debug|x86.ActiveCfg = Debug|Win32
		{D5BC8333-D83A-42C1-96C0-722250DDAC9B}.Debug|x86.Build.0 = Debug|Win32
		{D5BC8333-D83A-42C1-96C0-722250DDAC9B}.Release|x64.ActiveCfg = Release|x64
		{D5BC8333-D83A-42C1-96C0-722250DDAC9B}.Release|x64.Build.0 = Release|x64
		{D5BC8333-D83A-42C1-96C0-722250DDAC9B}.Release|x86.ActiveCfg = Release|Win32
		{D5BC8333-D83A-42C1-96C0-722250DDAC9B}.Release|x86.Build.0 = Release|Win32
		{79E05AD8-B84A-4D28-8BBF-634B117EF96A}.Debug|x64.ActiveCfg = Debug|x64
		{79E05AD8-B84A-4D28-8BBF-634B117EF96A}.Debug|x64.Build.0 = Debug|x64
		{79E05AD8-B84A-4D28-8BBF-634B117EF96A}.Debug|x86.ActiveCfg = Debug|Win32
		{79E05AD8-B84A-4D28-8BBF-634B117EF96A}.Debug|x86.Build.0 = Debug|Win32
		{79E05AD8-B84A-4D28-8BBF-634B117EF96A}.Release|x64.ActiveCfg = Release|x64
		{79E05AD8-B84A-4D28-8BBF-634B117EF96A}.Release|x64.Build.0 = Release|x64
		{79E05AD8-B84A-4D28-8BBF-634B117EF96A}.Release|x86.ActiveCfg = Release|Win32
		{79E05AD8-B84A-4D28-8BBF-634B117EF96A}.Release|x86.Build.0 = Release|Win32
		{F67E73D4-52E7-4B58-9BEB-B42D30B36F0D}.Debug|x64.ActiveCfg = Debug|x64
		{F67E73D4-52E7-4B58-9BEB-B42D30B36F0D}.Debug|x64.Build.0 = Debug|x64
		{F67E73D4-52E7-4B58-9BEB-B42D30B36F0D}.Debug|x86.ActiveCfg = Debug|Win32
		{F67E73D4-52E7-4B58-9BEB-B42D30B36F0D}.Debug|x86.Build.0 = Debug|Win32
		{F67E73D4-52E7-4B58-9BEB-B42D30B36F0D}.Release|x64.ActiveCfg = Release|x64
		{F67E73D4-52E7-4B58-9BEB-B42D30B36F0D}.Release|x64.Build.0 = Release|x64
		{F67E73D4-52E7-4B58-9BEB-B42D30B36F0D}.Release|x86.ActiveCfg = Release|Win32
		{F67E73D4-52E7-4B58-9BEB-B42D30B36F0D}.Release|x86.Build.0 = Release|Win32
		{CC6AB809-A71F-4271-8DB0-B7EF54A83F4E}.Debug|x64.ActiveCfg = Debug|x64
		{CC6AB809-A71F-4271-8DB0-B7EF54A83F4E}.Debug|x64.Build.0 = Debug|x64
		{CC6AB809-A71F-4271-8DB0-B7EF54A83F4E}.Debug|x86.ActiveCfg = Debug|Win32
		{CC6AB809-A71F-4271-8DB0-B7EF54A83F4E}.Debug|x86.Build.0 = Debug|Win32
		{CC6AB809-A71F-4271-8DB0-B7EF54A83F4E}.Release|x64.ActiveCfg = Release|x64
		{CC6AB809-A71F-4271-8DB0-B7EF54A83F4E}.Release|x64.Build.0 = Release|x64
		{CC6AB809-A71F-4271-8DB0-B7EF54A83F4E}.Release|x86.ActiveCfg = Release|Win32
		{CC6AB809-A71F-4271-8DB0-B7EF54A83F4E}.Release|x86.Build.0 = Release|Win32
		{1B246356-D42D-4AA0-A887-2BCC089493BF}.Debug|x64.ActiveCfg = Debug|x64
		{1B246356-D42D-4AA0-A887-2BCC089493BF}.Debug|x64.Build.0 = Debug|x64
		{1B246356-D42D-4AA0-A887-2BCC089493BF}.Debug|x86.ActiveCfg = Debug|Win32
		{1B246356-D42D-4AA0-A887-2BCC089493BF}.Debug|x86.Build.0 = Debug|Win32
		{1B246356-D42D-4AA0-A887-2BCC089493BF}.Release|x64.ActiveCfg = Release|x64
		{1B246356-D42D-4AA0-A887-2BCC089493BF}.Release|x64.Build.0 = Release|x64
		{1B246356-D42D-4AA0-A887-2BCC089493BF}.Release|x86.ActiveCfg = Release|Win32
		{1B246356-D42D-4AA0-A887-2BCC089493BF}.Release|x86.Build.0 = Release|Win32
		{76D445AA-2811-4E8B-AF50-C3374D47C670}.Debug|x64.ActiveCfg = Debug|x64
		{76D445AA-2811-4E8B-AF50-C3374D47C670}.Debug|x64.Build.0 = Debug|x64
		{76D445AA-2811-4E8B-AF50-C3374D47C670}.Debug|x86.ActiveCfg = Debug|Win32
		{76D445AA-2811-4E8B-AF50-C3374D47C670}.Debug|x86.Build.0 = Debug|Win32
		{76D445AA-2811-4E8B-AF50-C3374D47C670}.Release|x64.ActiveCfg = Release|x64
		{76D445AA-2811-4E8B-AF50-C3374D47C670}.Release|x64.Build.0 = Release|x64
		{76D445AA-2811-4E8B-AF50-C3374D47C670}.Release|x86.ActiveCfg = Release|Win32
		{76D445AA-2811-4E8B-AF50-C3374D47C670}.Release|x86.Build.0 = Release|Win32
		{8DB0FAD3-0355-455F-BDED-BE60AF271020}.Debug|x64.ActiveCfg = Debug|x64
		{8DB0FAD3-0355-455F-BDED-BE60AF271020}.Debug|x64.Build.0 = Debug|x64
		{8DB0FAD3-0355-455F-BDED-BE60AF271020}.Debug|x86.ActiveCfg = Debug|Win32
		{8DB0FAD3-0355-455F-BDED-BE60AF271020}.Debug|x86.Build.0 = Debug|Win32
		{8DB0FAD3-0355-455F-BDED-BE60AF271020}.Release|x64.ActiveCfg = Release|x64
		{8DB0FAD3-0355-455F-BDED-BE60AF271020}.Release|x64.Build.0 = Release|x64
		{8DB0FAD3-0355-455F-BDED-BE60AF271020}.Release|x86.ActiveCfg = Release|Win32
		{8DB0FAD3-0355-455F-BDED-BE60AF271020}.Release|x86.Build.0 = Release|Win32
		{91360181-C379-41B4-A9D1-FEFBE1BB6E48}.Debug|x64.ActiveCfg = Debug|x64
		{91360181-C379-41B4-A9D1-FEFBE1BB6E48}.Debug|x64.Build.0 = Debug|x64
		{91360181-C379-41B4-A9D1-FEFBE1BB6E48}.Debug|x86.ActiveCfg = Debug|Win32
		{91360181-C379-41B4-A9D1-FEFBE1BB6E48}.Debug|x86.Build.0 = Debug|Win32
		{91360181-C379-41B4-A9D1-FEFBE1BB6E48}.Release|x64.ActiveCfg = Release|x64
		{91360181-C379-41B4-A9D1-FEFBE1BB6E48}.Release|x64.Build.0 = Release|x64
		{91360181-C379-41B4-A9D1-FEFBE1BB6E48}.Release|x86.ActiveCfg = Release|Win32
		{91360181-C379-41B4-A9D1-FEFBE1BB6E48}.Release|x86.Build.0 = Release|Win32
	EndGlobalSection
	GlobalSection(SolutionProperties) = preSolution
		HideSolutionNode = FALSE
	EndGlobalSection
	GlobalSection(ExtensibilityGlobals) = postSolution
		SolutionGuid = {53A556B8-A74D-44AA-87DA-FCDDFE0D37E5}
	EndGlobalSection
EndGlobal
